// !$*UTF8*$!
{
	archiveVersion = 1;
	classes = {
	};
	objectVersion = 48;
	objects = {

/* Begin PBXBuildFile section */
		511B41862068073F00EB8B25 /* WeatherDetail.swift in Sources */ = {isa = PBXBuildFile; fileRef = 511B41852068073F00EB8B25 /* WeatherDetail.swift */; };
		511B4188206896A400EB8B25 /* Constants.swift in Sources */ = {isa = PBXBuildFile; fileRef = 511B4187206896A400EB8B25 /* Constants.swift */; };
		515F34BA207081AE00794BA0 /* TimeInterval+format.swift in Sources */ = {isa = PBXBuildFile; fileRef = 515F34B9207081AE00794BA0 /* TimeInterval+format.swift */; };
		515F34BC20717F3900794BA0 /* HourlyWeatherCell.swift in Sources */ = {isa = PBXBuildFile; fileRef = 515F34BB20717F3900794BA0 /* HourlyWeatherCell.swift */; };
		515F34BE2071969700794BA0 /* WeatherLocation.swift in Sources */ = {isa = PBXBuildFile; fileRef = 515F34BD2071969700794BA0 /* WeatherLocation.swift */; };
		5176B03E2071D7B60093A9A0 /* AboutVC.swift in Sources */ = {isa = PBXBuildFile; fileRef = 5176B03D2071D7B60093A9A0 /* AboutVC.swift */; };
		519968982058358A00FEF0DA /* AppDelegate.swift in Sources */ = {isa = PBXBuildFile; fileRef = 519968972058358A00FEF0DA /* AppDelegate.swift */; };
		5199689D2058358B00FEF0DA /* Main.storyboard in Resources */ = {isa = PBXBuildFile; fileRef = 5199689B2058358B00FEF0DA /* Main.storyboard */; };
		5199689F2058358B00FEF0DA /* Assets.xcassets in Resources */ = {isa = PBXBuildFile; fileRef = 5199689E2058358B00FEF0DA /* Assets.xcassets */; };
		519968A22058358B00FEF0DA /* LaunchScreen.storyboard in Resources */ = {isa = PBXBuildFile; fileRef = 519968A02058358B00FEF0DA /* LaunchScreen.storyboard */; };
		519968AC2058362300FEF0DA /* DetailVC.swift in Sources */ = {isa = PBXBuildFile; fileRef = 519968AB2058362300FEF0DA /* DetailVC.swift */; };
		519968AE20583A2D00FEF0DA /* ListVC.swift in Sources */ = {isa = PBXBuildFile; fileRef = 519968AD20583A2D00FEF0DA /* ListVC.swift */; };
		519968B020583CDD00FEF0DA /* PageVC.swift in Sources */ = {isa = PBXBuildFile; fileRef = 519968AF20583CDD00FEF0DA /* PageVC.swift */; };
		51C9ACA8207057FD000644A2 /* DayWeatherCell.swift in Sources */ = {isa = PBXBuildFile; fileRef = 51C9ACA7207057FD000644A2 /* DayWeatherCell.swift */; };
		F9D2954B253E128D3326CD32 /* Pods_WeatherGift.framework in Frameworks */ = {isa = PBXBuildFile; fileRef = 25D90106E7E1055C872C215E /* Pods_WeatherGift.framework */; };
/* End PBXBuildFile section */

/* Begin PBXFileReference section */
		17911BE6B327E31BBE11230D /* Pods-WeatherGift.debug.xcconfig */ = {isa = PBXFileReference; includeInIndex = 1; lastKnownFileType = text.xcconfig; name = "Pods-WeatherGift.debug.xcconfig"; path = "Pods/Target Support Files/Pods-WeatherGift/Pods-WeatherGift.debug.xcconfig"; sourceTree = "<group>"; };
		23B7970F37A0DCF7CDA0B960 /* Pods-WeatherGift.release.xcconfig */ = {isa = PBXFileReference; includeInIndex = 1; lastKnownFileType = text.xcconfig; name = "Pods-WeatherGift.release.xcconfig"; path = "Pods/Target Support Files/Pods-WeatherGift/Pods-WeatherGift.release.xcconfig"; sourceTree = "<group>"; };
		25D90106E7E1055C872C215E /* Pods_WeatherGift.framework */ = {isa = PBXFileReference; explicitFileType = wrapper.framework; includeInIndex = 0; path = Pods_WeatherGift.framework; sourceTree = BUILT_PRODUCTS_DIR; };
		511B41852068073F00EB8B25 /* WeatherDetail.swift */ = {isa = PBXFileReference; lastKnownFileType = sourcecode.swift; path = WeatherDetail.swift; sourceTree = "<group>"; };
		511B4187206896A400EB8B25 /* Constants.swift */ = {isa = PBXFileReference; lastKnownFileType = sourcecode.swift; path = Constants.swift; sourceTree = "<group>"; };
		515F34B9207081AE00794BA0 /* TimeInterval+format.swift */ = {isa = PBXFileReference; lastKnownFileType = sourcecode.swift; path = "TimeInterval+format.swift"; sourceTree = "<group>"; };
		515F34BB20717F3900794BA0 /* HourlyWeatherCell.swift */ = {isa = PBXFileReference; lastKnownFileType = sourcecode.swift; path = HourlyWeatherCell.swift; sourceTree = "<group>"; };
		515F34BD2071969700794BA0 /* WeatherLocation.swift */ = {isa = PBXFileReference; lastKnownFileType = sourcecode.swift; path = WeatherLocation.swift; sourceTree = "<group>"; };
		5176B03D2071D7B60093A9A0 /* AboutVC.swift */ = {isa = PBXFileReference; lastKnownFileType = sourcecode.swift; path = AboutVC.swift; sourceTree = "<group>"; };
		519968942058358A00FEF0DA /* WeatherGift.app */ = {isa = PBXFileReference; explicitFileType = wrapper.application; includeInIndex = 0; path = WeatherGift.app; sourceTree = BUILT_PRODUCTS_DIR; };
		519968972058358A00FEF0DA /* AppDelegate.swift */ = {isa = PBXFileReference; lastKnownFileType = sourcecode.swift; path = AppDelegate.swift; sourceTree = "<group>"; };
		5199689C2058358B00FEF0DA /* Base */ = {isa = PBXFileReference; lastKnownFileType = file.storyboard; name = Base; path = Base.lproj/Main.storyboard; sourceTree = "<group>"; };
		5199689E2058358B00FEF0DA /* Assets.xcassets */ = {isa = PBXFileReference; lastKnownFileType = folder.assetcatalog; path = Assets.xcassets; sourceTree = "<group>"; };
		519968A12058358B00FEF0DA /* Base */ = {isa = PBXFileReference; lastKnownFileType = file.storyboard; name = Base; path = Base.lproj/LaunchScreen.storyboard; sourceTree = "<group>"; };
		519968A32058358B00FEF0DA /* Info.plist */ = {isa = PBXFileReference; lastKnownFileType = text.plist.xml; path = Info.plist; sourceTree = "<group>"; };
		519968AB2058362300FEF0DA /* DetailVC.swift */ = {isa = PBXFileReference; lastKnownFileType = sourcecode.swift; path = DetailVC.swift; sourceTree = "<group>"; };
		519968AD20583A2D00FEF0DA /* ListVC.swift */ = {isa = PBXFileReference; lastKnownFileType = sourcecode.swift; path = ListVC.swift; sourceTree = "<group>"; };
		519968AF20583CDD00FEF0DA /* PageVC.swift */ = {isa = PBXFileReference; lastKnownFileType = sourcecode.swift; path = PageVC.swift; sourceTree = "<group>"; };
		51C9ACA7207057FD000644A2 /* DayWeatherCell.swift */ = {isa = PBXFileReference; lastKnownFileType = sourcecode.swift; path = DayWeatherCell.swift; sourceTree = "<group>"; };
/* End PBXFileReference section */

/* Begin PBXFrameworksBuildPhase section */
		519968912058358A00FEF0DA /* Frameworks */ = {
			isa = PBXFrameworksBuildPhase;
			buildActionMask = 2147483647;
			files = (
				F9D2954B253E128D3326CD32 /* Pods_WeatherGift.framework in Frameworks */,
			);
			runOnlyForDeploymentPostprocessing = 0;
		};
/* End PBXFrameworksBuildPhase section */

/* Begin PBXGroup section */
		5199688B2058358A00FEF0DA = {
			isa = PBXGroup;
			children = (
				519968962058358A00FEF0DA /* WeatherGift */,
				519968952058358A00FEF0DA /* Products */,
				E9162E6BEE73762F6DECC83E /* Pods */,
				CA42182236B3F00FD1AC283A /* Frameworks */,
			);
			sourceTree = "<group>";
		};
		519968952058358A00FEF0DA /* Products */ = {
			isa = PBXGroup;
			children = (
				519968942058358A00FEF0DA /* WeatherGift.app */,
			);
			name = Products;
			sourceTree = "<group>";
		};
		519968962058358A00FEF0DA /* WeatherGift */ = {
			isa = PBXGroup;
			children = (
				519968972058358A00FEF0DA /* AppDelegate.swift */,
				515F34BD2071969700794BA0 /* WeatherLocation.swift */,
				511B41852068073F00EB8B25 /* WeatherDetail.swift */,
				5176B03D2071D7B60093A9A0 /* AboutVC.swift */,
				519968AF20583CDD00FEF0DA /* PageVC.swift */,
				519968AD20583A2D00FEF0DA /* ListVC.swift */,
				519968AB2058362300FEF0DA /* DetailVC.swift */,
				51C9ACA7207057FD000644A2 /* DayWeatherCell.swift */,
				515F34BB20717F3900794BA0 /* HourlyWeatherCell.swift */,
				515F34B9207081AE00794BA0 /* TimeInterval+format.swift */,
				511B4187206896A400EB8B25 /* Constants.swift */,
				5199689B2058358B00FEF0DA /* Main.storyboard */,
				5199689E2058358B00FEF0DA /* Assets.xcassets */,
				519968A02058358B00FEF0DA /* LaunchScreen.storyboard */,
				519968A32058358B00FEF0DA /* Info.plist */,
			);
			path = WeatherGift;
			sourceTree = "<group>";
		};
		CA42182236B3F00FD1AC283A /* Frameworks */ = {
			isa = PBXGroup;
			children = (
				25D90106E7E1055C872C215E /* Pods_WeatherGift.framework */,
			);
			name = Frameworks;
			sourceTree = "<group>";
		};
		E9162E6BEE73762F6DECC83E /* Pods */ = {
			isa = PBXGroup;
			children = (
				17911BE6B327E31BBE11230D /* Pods-WeatherGift.debug.xcconfig */,
				23B7970F37A0DCF7CDA0B960 /* Pods-WeatherGift.release.xcconfig */,
			);
			name = Pods;
			sourceTree = "<group>";
		};
/* End PBXGroup section */

/* Begin PBXNativeTarget section */
		519968932058358A00FEF0DA /* WeatherGift */ = {
			isa = PBXNativeTarget;
			buildConfigurationList = 519968A62058358B00FEF0DA /* Build configuration list for PBXNativeTarget "WeatherGift" */;
			buildPhases = (
				B820CD6F1AADDC791AAD8C81 /* [CP] Check Pods Manifest.lock */,
				519968902058358A00FEF0DA /* Sources */,
				519968912058358A00FEF0DA /* Frameworks */,
				519968922058358A00FEF0DA /* Resources */,
				B816A5161F415A86B59F8CE5 /* [CP] Embed Pods Frameworks */,
				5763DF6CE7712B8F130359D1 /* [CP] Copy Pods Resources */,
			);
			buildRules = (
			);
			dependencies = (
			);
			name = WeatherGift;
			productName = WeatherGift;
			productReference = 519968942058358A00FEF0DA /* WeatherGift.app */;
			productType = "com.apple.product-type.application";
		};
/* End PBXNativeTarget section */

/* Begin PBXProject section */
		5199688C2058358A00FEF0DA /* Project object */ = {
			isa = PBXProject;
			attributes = {
				LastSwiftUpdateCheck = 0920;
				LastUpgradeCheck = 0920;
				ORGANIZATIONNAME = "周纯稚";
				TargetAttributes = {
					519968932058358A00FEF0DA = {
						CreatedOnToolsVersion = 9.2;
						ProvisioningStyle = Automatic;
					};
				};
			};
			buildConfigurationList = 5199688F2058358A00FEF0DA /* Build configuration list for PBXProject "WeatherGift" */;
			compatibilityVersion = "Xcode 8.0";
			developmentRegion = en;
			hasScannedForEncodings = 0;
			knownRegions = (
				en,
				Base,
			);
			mainGroup = 5199688B2058358A00FEF0DA;
			productRefGroup = 519968952058358A00FEF0DA /* Products */;
			projectDirPath = "";
			projectRoot = "";
			targets = (
				519968932058358A00FEF0DA /* WeatherGift */,
			);
		};
/* End PBXProject section */

/* Begin PBXResourcesBuildPhase section */
		519968922058358A00FEF0DA /* Resources */ = {
			isa = PBXResourcesBuildPhase;
			buildActionMask = 2147483647;
			files = (
				519968A22058358B00FEF0DA /* LaunchScreen.storyboard in Resources */,
				5199689F2058358B00FEF0DA /* Assets.xcassets in Resources */,
				5199689D2058358B00FEF0DA /* Main.storyboard in Resources */,
			);
			runOnlyForDeploymentPostprocessing = 0;
		};
/* End PBXResourcesBuildPhase section */

/* Begin PBXShellScriptBuildPhase section */
		5763DF6CE7712B8F130359D1 /* [CP] Copy Pods Resources */ = {
			isa = PBXShellScriptBuildPhase;
			buildActionMask = 2147483647;
			files = (
			);
			inputPaths = (
				"${SRCROOT}/Pods/Target Support Files/Pods-WeatherGift/Pods-WeatherGift-resources.sh",
				"${PODS_ROOT}/GooglePlaces/Frameworks/GooglePlaces.framework/Resources/GooglePlaces.bundle",
			);
			name = "[CP] Copy Pods Resources";
			outputPaths = (
				"${TARGET_BUILD_DIR}/${UNLOCALIZED_RESOURCES_FOLDER_PATH}/GooglePlaces.bundle",
			);
			runOnlyForDeploymentPostprocessing = 0;
			shellPath = /bin/sh;
			shellScript = "\"${SRCROOT}/Pods/Target Support Files/Pods-WeatherGift/Pods-WeatherGift-resources.sh\"\n";
			showEnvVarsInLog = 0;
		};
		B816A5161F415A86B59F8CE5 /* [CP] Embed Pods Frameworks */ = {
			isa = PBXShellScriptBuildPhase;
			buildActionMask = 2147483647;
			files = (
			);
			inputPaths = (
				"${SRCROOT}/Pods/Target Support Files/Pods-WeatherGift/Pods-WeatherGift-frameworks.sh",
				"${BUILT_PRODUCTS_DIR}/Alamofire/Alamofire.framework",
				"${BUILT_PRODUCTS_DIR}/SwiftyJSON/SwiftyJSON.framework",
			);
			name = "[CP] Embed Pods Frameworks";
			outputPaths = (
				"${TARGET_BUILD_DIR}/${FRAMEWORKS_FOLDER_PATH}/Alamofire.framework",
				"${TARGET_BUILD_DIR}/${FRAMEWORKS_FOLDER_PATH}/SwiftyJSON.framework",
			);
			runOnlyForDeploymentPostprocessing = 0;
			shellPath = /bin/sh;
			shellScript = "\"${SRCROOT}/Pods/Target Support Files/Pods-WeatherGift/Pods-WeatherGift-frameworks.sh\"\n";
			showEnvVarsInLog = 0;
		};
		B820CD6F1AADDC791AAD8C81 /* [CP] Check Pods Manifest.lock */ = {
			isa = PBXShellScriptBuildPhase;
			buildActionMask = 2147483647;
			files = (
			);
			inputPaths = (
				"${PODS_PODFILE_DIR_PATH}/Podfile.lock",
				"${PODS_ROOT}/Manifest.lock",
			);
			name = "[CP] Check Pods Manifest.lock";
			outputPaths = (
				"$(DERIVED_FILE_DIR)/Pods-WeatherGift-checkManifestLockResult.txt",
			);
			runOnlyForDeploymentPostprocessing = 0;
			shellPath = /bin/sh;
			shellScript = "diff \"${PODS_PODFILE_DIR_PATH}/Podfile.lock\" \"${PODS_ROOT}/Manifest.lock\" > /dev/null\nif [ $? != 0 ] ; then\n    # print error to STDERR\n    echo \"error: The sandbox is not in sync with the Podfile.lock. Run 'pod install' or update your CocoaPods installation.\" >&2\n    exit 1\nfi\n# This output is used by Xcode 'outputs' to avoid re-running this script phase.\necho \"SUCCESS\" > \"${SCRIPT_OUTPUT_FILE_0}\"\n";
			showEnvVarsInLog = 0;
		};
/* End PBXShellScriptBuildPhase section */

/* Begin PBXSourcesBuildPhase section */
		519968902058358A00FEF0DA /* Sources */ = {
			isa = PBXSourcesBuildPhase;
			buildActionMask = 2147483647;
			files = (
				51C9ACA8207057FD000644A2 /* DayWeatherCell.swift in Sources */,
				515F34BC20717F3900794BA0 /* HourlyWeatherCell.swift in Sources */,
				511B41862068073F00EB8B25 /* WeatherDetail.swift in Sources */,
				519968AE20583A2D00FEF0DA /* ListVC.swift in Sources */,
				519968B020583CDD00FEF0DA /* PageVC.swift in Sources */,
				515F34BE2071969700794BA0 /* WeatherLocation.swift in Sources */,
				515F34BA207081AE00794BA0 /* TimeInterval+format.swift in Sources */,
				519968982058358A00FEF0DA /* AppDelegate.swift in Sources */,
				519968AC2058362300FEF0DA /* DetailVC.swift in Sources */,
				5176B03E2071D7B60093A9A0 /* AboutVC.swift in Sources */,
				511B4188206896A400EB8B25 /* Constants.swift in Sources */,
			);
			runOnlyForDeploymentPostprocessing = 0;
		};
/* End PBXSourcesBuildPhase section */

/* Begin PBXVariantGroup section */
		5199689B2058358B00FEF0DA /* Main.storyboard */ = {
			isa = PBXVariantGroup;
			children = (
				5199689C2058358B00FEF0DA /* Base */,
			);
			name = Main.storyboard;
			sourceTree = "<group>";
		};
		519968A02058358B00FEF0DA /* LaunchScreen.storyboard */ = {
			isa = PBXVariantGroup;
			children = (
				519968A12058358B00FEF0DA /* Base */,
			);
			name = LaunchScreen.storyboard;
			sourceTree = "<group>";
		};
/* End PBXVariantGroup section */

/* Begin XCBuildConfiguration section */
		519968A42058358B00FEF0DA /* Debug */ = {
			isa = XCBuildConfiguration;
			buildSettings = {
				ALWAYS_SEARCH_USER_PATHS = NO;
				CLANG_ANALYZER_NONNULL = YES;
				CLANG_ANALYZER_NUMBER_OBJECT_CONVERSION = YES_AGGRESSIVE;
				CLANG_CXX_LANGUAGE_STANDARD = "gnu++14";
				CLANG_CXX_LIBRARY = "libc++";
				CLANG_ENABLE_MODULES = YES;
				CLANG_ENABLE_OBJC_ARC = YES;
				CLANG_WARN_BLOCK_CAPTURE_AUTORELEASING = YES;
				CLANG_WARN_BOOL_CONVERSION = YES;
				CLANG_WARN_COMMA = YES;
				CLANG_WARN_CONSTANT_CONVERSION = YES;
				CLANG_WARN_DIRECT_OBJC_ISA_USAGE = YES_ERROR;
				CLANG_WARN_DOCUMENTATION_COMMENTS = YES;
				CLANG_WARN_EMPTY_BODY = YES;
				CLANG_WARN_ENUM_CONVERSION = YES;
				CLANG_WARN_INFINITE_RECURSION = YES;
				CLANG_WARN_INT_CONVERSION = YES;
				CLANG_WARN_NON_LITERAL_NULL_CONVERSION = YES;
				CLANG_WARN_OBJC_LITERAL_CONVERSION = YES;
				CLANG_WARN_OBJC_ROOT_CLASS = YES_ERROR;
				CLANG_WARN_RANGE_LOOP_ANALYSIS = YES;
				CLANG_WARN_STRICT_PROTOTYPES = YES;
				CLANG_WARN_SUSPICIOUS_MOVE = YES;
				CLANG_WARN_UNGUARDED_AVAILABILITY = YES_AGGRESSIVE;
				CLANG_WARN_UNREACHABLE_CODE = YES;
				CLANG_WARN__DUPLICATE_METHOD_MATCH = YES;
				CODE_SIGN_IDENTITY = "iPhone Developer";
				COPY_PHASE_STRIP = NO;
				DEBUG_INFORMATION_FORMAT = dwarf;
				ENABLE_STRICT_OBJC_MSGSEND = YES;
				ENABLE_TESTABILITY = YES;
				GCC_C_LANGUAGE_STANDARD = gnu11;
				GCC_DYNAMIC_NO_PIC = NO;
				GCC_NO_COMMON_BLOCKS = YES;
				GCC_OPTIMIZATION_LEVEL = 0;
				GCC_PREPROCESSOR_DEFINITIONS = (
					"DEBUG=1",
					"$(inherited)",
				);
				GCC_WARN_64_TO_32_BIT_CONVERSION = YES;
				GCC_WARN_ABOUT_RETURN_TYPE = YES_ERROR;
				GCC_WARN_UNDECLARED_SELECTOR = YES;
				GCC_WARN_UNINITIALIZED_AUTOS = YES_AGGRESSIVE;
				GCC_WARN_UNUSED_FUNCTION = YES;
				GCC_WARN_UNUSED_VARIABLE = YES;
				IPHONEOS_DEPLOYMENT_TARGET = 11.2;
				MTL_ENABLE_DEBUG_INFO = YES;
				ONLY_ACTIVE_ARCH = YES;
				SDKROOT = iphoneos;
				SWIFT_ACTIVE_COMPILATION_CONDITIONS = DEBUG;
				SWIFT_OPTIMIZATION_LEVEL = "-Onone";
			};
			name = Debug;
		};
		519968A52058358B00FEF0DA /* Release */ = {
			isa = XCBuildConfiguration;
			buildSettings = {
				ALWAYS_SEARCH_USER_PATHS = NO;
				CLANG_ANALYZER_NONNULL = YES;
				CLANG_ANALYZER_NUMBER_OBJECT_CONVERSION = YES_AGGRESSIVE;
				CLANG_CXX_LANGUAGE_STANDARD = "gnu++14";
				CLANG_CXX_LIBRARY = "libc++";
				CLANG_ENABLE_MODULES = YES;
				CLANG_ENABLE_OBJC_ARC = YES;
				CLANG_WARN_BLOCK_CAPTURE_AUTORELEASING = YES;
				CLANG_WARN_BOOL_CONVERSION = YES;
				CLANG_WARN_COMMA = YES;
				CLANG_WARN_CONSTANT_CONVERSION = YES;
				CLANG_WARN_DIRECT_OBJC_ISA_USAGE = YES_ERROR;
				CLANG_WARN_DOCUMENTATION_COMMENTS = YES;
				CLANG_WARN_EMPTY_BODY = YES;
				CLANG_WARN_ENUM_CONVERSION = YES;
				CLANG_WARN_INFINITE_RECURSION = YES;
				CLANG_WARN_INT_CONVERSION = YES;
				CLANG_WARN_NON_LITERAL_NULL_CONVERSION = YES;
				CLANG_WARN_OBJC_LITERAL_CONVERSION = YES;
				CLANG_WARN_OBJC_ROOT_CLASS = YES_ERROR;
				CLANG_WARN_RANGE_LOOP_ANALYSIS = YES;
				CLANG_WARN_STRICT_PROTOTYPES = YES;
				CLANG_WARN_SUSPICIOUS_MOVE = YES;
				CLANG_WARN_UNGUARDED_AVAILABILITY = YES_AGGRESSIVE;
				CLANG_WARN_UNREACHABLE_CODE = YES;
				CLANG_WARN__DUPLICATE_METHOD_MATCH = YES;
				CODE_SIGN_IDENTITY = "iPhone Developer";
				COPY_PHASE_STRIP = NO;
				DEBUG_INFORMATION_FORMAT = "dwarf-with-dsym";
				ENABLE_NS_ASSERTIONS = NO;
				ENABLE_STRICT_OBJC_MSGSEND = YES;
				GCC_C_LANGUAGE_STANDARD = gnu11;
				GCC_NO_COMMON_BLOCKS = YES;
				GCC_WARN_64_TO_32_BIT_CONVERSION = YES;
				GCC_WARN_ABOUT_RETURN_TYPE = YES_ERROR;
				GCC_WARN_UNDECLARED_SELECTOR = YES;
				GCC_WARN_UNINITIALIZED_AUTOS = YES_AGGRESSIVE;
				GCC_WARN_UNUSED_FUNCTION = YES;
				GCC_WARN_UNUSED_VARIABLE = YES;
				IPHONEOS_DEPLOYMENT_TARGET = 11.2;
				MTL_ENABLE_DEBUG_INFO = NO;
				SDKROOT = iphoneos;
				SWIFT_OPTIMIZATION_LEVEL = "-Owholemodule";
				VALIDATE_PRODUCT = YES;
			};
			name = Release;
		};
		519968A72058358B00FEF0DA /* Debug */ = {
			isa = XCBuildConfiguration;
			baseConfigurationReference = 17911BE6B327E31BBE11230D /* Pods-WeatherGift.debug.xcconfig */;
			buildSettings = {
				ASSETCATALOG_COMPILER_APPICON_NAME = AppIcon;
				CODE_SIGN_STYLE = Automatic;
				DEVELOPMENT_TEAM = 29DX4TS5X8;
				INFOPLIST_FILE = WeatherGift/Info.plist;
				IPHONEOS_DEPLOYMENT_TARGET = 11.2;
				LD_RUNPATH_SEARCH_PATHS = "$(inherited) @executable_path/Frameworks";
				PRODUCT_BUNDLE_IDENTIFIER = zcz.com.WeatherGift;
				PRODUCT_NAME = "$(TARGET_NAME)";
				SWIFT_VERSION = 4.0;
				TARGETED_DEVICE_FAMILY = "1,2";
			};
			name = Debug;
		};
		519968A82058358B00FEF0DA /* Release */ = {
			isa = XCBuildConfiguration;
			baseConfigurationReference = 23B7970F37A0DCF7CDA0B960 /* Pods-WeatherGift.release.xcconfig */;
			buildSettings = {
				ASSETCATALOG_COMPILER_APPICON_NAME = AppIcon;
				CODE_SIGN_STYLE = Automatic;
				DEVELOPMENT_TEAM = 29DX4TS5X8;
				INFOPLIST_FILE = WeatherGift/Info.plist;
				IPHONEOS_DEPLOYMENT_TARGET = 11.2;
				LD_RUNPATH_SEARCH_PATHS = "$(inherited) @executable_path/Frameworks";
				PRODUCT_BUNDLE_IDENTIFIER = zcz.com.WeatherGift;
				PRODUCT_NAME = "$(TARGET_NAME)";
				SWIFT_VERSION = 4.0;
				TARGETED_DEVICE_FAMILY = "1,2";
			};
			name = Release;
		};
/* End XCBuildConfiguration section */

/* Begin XCConfigurationList section */
		5199688F2058358A00FEF0DA /* Build configuration list for PBXProject "WeatherGift" */ = {
			isa = XCConfigurationList;
			buildConfigurations = (
				519968A42058358B00FEF0DA /* Debug */,
				519968A52058358B00FEF0DA /* Release */,
			);
			defaultConfigurationIsVisible = 0;
			defaultConfigurationName = Release;
		};
		519968A62058358B00FEF0DA /* Build configuration list for PBXNativeTarget "WeatherGift" */ = {
			isa = XCConfigurationList;
			buildConfigurations = (
				519968A72058358B00FEF0DA /* Debug */,
				519968A82058358B00FEF0DA /* Release */,
			);
			defaultConfigurationIsVisible = 0;
			defaultConfigurationName = Release;
		};
/* End XCConfigurationList section */
	};
	rootObject = 5199688C2058358A00FEF0DA /* Project object */;
}
